{
  "version": "3",
  "packages": {
    "specifiers": {
      "jsr:@lucsoft/web-bson@^0.3.1": "jsr:@lucsoft/web-bson@0.3.1",
      "jsr:@std/crypto@^0.220.1": "jsr:@std/crypto@0.220.1",
      "jsr:@std/encoding@^0.220.1": "jsr:@std/encoding@0.220.1"
    },
    "jsr": {
      "@lucsoft/web-bson@0.3.1": {
        "integrity": "dccad36fe5cc68286a4d3fe1993f7e7a81df0970c5946a5894dae9173adafe60"
      },
      "@std/crypto@0.220.1": {
        "integrity": "4cec173974f33398041a3f66cc2f9b2fcc4a5ceaddd0e60840887d3bb7289d23"
      },
      "@std/encoding@0.220.1": {
        "integrity": "8dc38dd72e36cd68857a5837e24eb09a64bb296b96c295239c75eec17d45d23f"
      }
    }
  },
  "redirects": {
    "https://deno.land/x/mqtt/deno/mod.ts": "https://deno.land/x/mqtt@0.1.2/deno/mod.ts"
  },
  "remote": {
    "https://deno.land/x/mongo@v0.33.0/deps.ts": "0260e372714ea433bbe675a5f3d467edceced6e12f406d156ba42724695b0a74",
    "https://deno.land/x/mongo@v0.33.0/mod.ts": "114eedb25b02ba42b53aaf5eb747c5bdb06a852882330624bdc52fde4b7df083",
    "https://deno.land/x/mongo@v0.33.0/src/auth/base.ts": "cfdbbd70f5efddbb4a5156b1b25737cd5cfba86581c29ebafb02085af6fa0239",
    "https://deno.land/x/mongo@v0.33.0/src/auth/mod.ts": "b161611bd5be9e9d1b4497227c8ea93ad4daadcd98038c9e5a707bc5da7a25ca",
    "https://deno.land/x/mongo@v0.33.0/src/auth/pbkdf2.ts": "1f1db192fd37869d118ab34780b64567ebcf0ad83a03ef28b3d740cae9adb47a",
    "https://deno.land/x/mongo@v0.33.0/src/auth/scram.ts": "d0be490de12c34f17c115dd540d1bd0e1c88b571b4ffe9e27ae93afa4401f7c6",
    "https://deno.land/x/mongo@v0.33.0/src/auth/x509.ts": "b638043fea07f60ca24fbd78fe450e11ea633a721b591de28b8ba45bf1f2c2d3",
    "https://deno.land/x/mongo@v0.33.0/src/client.ts": "1bc49b2c7922a638482f06f1a9723e0d2fe62d8a1c735796ede0049645a7ee74",
    "https://deno.land/x/mongo@v0.33.0/src/cluster.ts": "6fca620f12a0f8f6e11f15d5271cebd3ec22a85bcbf2eb5360d0aea414ac4722",
    "https://deno.land/x/mongo@v0.33.0/src/collection/collection.ts": "44307db6f83f4aa8c88131c788e049d0a28aff8c1314f8793be4da2803b52ff4",
    "https://deno.land/x/mongo@v0.33.0/src/collection/commands/aggregate.ts": "9ed10eacbdcd61c020d91b831d4bffa75afd3c4c272fa69e1aaf77bc339d526f",
    "https://deno.land/x/mongo@v0.33.0/src/collection/commands/find.ts": "5c68ccf73f272e85dd158921f57d2e0da643d5696073813dd539d31fad313f02",
    "https://deno.land/x/mongo@v0.33.0/src/collection/commands/list_indexes.ts": "d32a5120305d0547497026b4f5ab2ecc2f40ff7f44c405b99c2a0287765333f5",
    "https://deno.land/x/mongo@v0.33.0/src/collection/commands/update.ts": "57c2be843fdef7e3a9c67b07ab745735c82fd01614d02d37c9a594f0bab7cea2",
    "https://deno.land/x/mongo@v0.33.0/src/collection/mod.ts": "bd791a0b9b46be4365f88c54893584eadec2f8cd799db9eb05e0b5b4c8d72b8e",
    "https://deno.land/x/mongo@v0.33.0/src/database.ts": "b5287e9cffebd9ab284a71086d7ad30a59fe0039f31169c51307ae6564f06ca6",
    "https://deno.land/x/mongo@v0.33.0/src/error.ts": "8180a822b0831a94a6a28815865b5b40e3996220684bea60fcb81b272ddd06eb",
    "https://deno.land/x/mongo@v0.33.0/src/gridfs/bucket.ts": "92030ee5e995fc4cc397b81ecf92ed2cd69565eac787b450f3baa46a21e38a9b",
    "https://deno.land/x/mongo@v0.33.0/src/gridfs/indexes.ts": "59bdab481fba202e4115f43e4fd6540c9d1a1fd51af398dc9e8ff58a80affa33",
    "https://deno.land/x/mongo@v0.33.0/src/gridfs/upload.ts": "6a54a21b00c6f22ad0da6ceef7a2932dc600560f594c2551abd8e4a64976abae",
    "https://deno.land/x/mongo@v0.33.0/src/protocol/cursor.ts": "386b37a8eb8eb04746703b57e76af62e30fe1483a2dd1fb1f5bbd8d2d7a7ca45",
    "https://deno.land/x/mongo@v0.33.0/src/protocol/handshake.ts": "f2dd1c9618b4fd1212877823782866d270a93e9836970f628c988d49f626749d",
    "https://deno.land/x/mongo@v0.33.0/src/protocol/header.ts": "0f28db842f886e57b7013606c1391affab2e2960a1a4568d2502e7b788117716",
    "https://deno.land/x/mongo@v0.33.0/src/protocol/message.ts": "05b71f41f7228b7e059e6070ccf731e0ead90e7348b897710fb4bde1a7b7ad7c",
    "https://deno.land/x/mongo@v0.33.0/src/protocol/mod.ts": "c5f626711e5c1347d98400a18d252306390f76f81335acb4f871a2b45d8d89bb",
    "https://deno.land/x/mongo@v0.33.0/src/protocol/protocol.ts": "cac0a149e951ff5261b6352aa7907a33677a3ff11d424be2954c8de9d270cbab",
    "https://deno.land/x/mongo@v0.33.0/src/types.ts": "675c95674117468f2805736a58a4c107ccef983862871500c5feeb271e13400c",
    "https://deno.land/x/mongo@v0.33.0/src/types/geojson.ts": "14690e2fa1591939253ddc9de181b0664051e9462db131b72be5fb9d064dff44",
    "https://deno.land/x/mongo@v0.33.0/src/types/geospatial.ts": "3871035b43249ede15e505fe0edd19b0c46a9784733287740a3004e4740ec262",
    "https://deno.land/x/mongo@v0.33.0/src/types/gridfs.ts": "714ff5249b2361589baf97151e573fed1536cb1cf200ce8b24416d160330052b",
    "https://deno.land/x/mongo@v0.33.0/src/types/read_write_concern.ts": "d00f35eb85520e776741888685d08d479766a19e9a0a970b53f4594c9db00496",
    "https://deno.land/x/mongo@v0.33.0/src/utils/ns.ts": "fb0c57b8dc4d31f8993112d267dec3c163d3e8862198d1cd03b2b51bcc3caad9",
    "https://deno.land/x/mongo@v0.33.0/src/utils/saslprep/load_code_points.ts": "88c3bee38b2f3e22a2900332ca69f443759b4772bfa65463d8871c9e895f1299",
    "https://deno.land/x/mongo@v0.33.0/src/utils/saslprep/memory_pager.ts": "f55a79a13ec569c21630c3915a9af0c6fc0aa2b899121fa2a85a813c6dd4afba",
    "https://deno.land/x/mongo@v0.33.0/src/utils/saslprep/mod.ts": "de970d59c70a04c19e14a704f0028bf2ff57840d7a615b8cef86cccb014ccf89",
    "https://deno.land/x/mongo@v0.33.0/src/utils/saslprep/sparse_bitfield.ts": "07d6fe2ecd4ba5f711c44c1ae409bb9c1fe3a3cfc09e27434d231d4aae46dd2d",
    "https://deno.land/x/mongo@v0.33.0/src/utils/srv.ts": "e47f866987bd83717d48b99a3a8832d67f97a058e85111f9c96a03d026027b57",
    "https://deno.land/x/mongo@v0.33.0/src/utils/uri.ts": "dcfab8e1dcfcc875c75ada1d9f366664480c03b65594990d6342ed88925452e5",
    "https://deno.land/x/mqtt@0.1.2/client/base_client.ts": "c6fbd5e327a9d06628e4c5bfeb1881c5d97cdc9fb01ebc9bef726ddc0ad10ced",
    "https://deno.land/x/mqtt@0.1.2/deno/deno_client.ts": "39b6ef2008107604965654374ebd58c679dcd6d941e0efb4e0a74b20eb283f46",
    "https://deno.land/x/mqtt@0.1.2/deno/mod.ts": "dcb37ab97d47432d984a41729d4f440cdb2f3ae20cce7525474fc24433f12ce3",
    "https://deno.land/x/mqtt@0.1.2/lib/mod.ts": "863c871f3d0b6e925067dc80e8fffc7e09addc7095e0f4489409687ee9081032",
    "https://deno.land/x/mqtt@0.1.2/packets/connack.ts": "d3e9ada09d812a3c0be1d4d321008ba36feb1ea56933fbdd406e0ea1671e16d1",
    "https://deno.land/x/mqtt@0.1.2/packets/connect.ts": "2088ec4eab48ffd95061dcf3aaf3c298451b96bb43e6aa6f061f10da960909ea",
    "https://deno.land/x/mqtt@0.1.2/packets/disconnect.ts": "8d1088e88459e3463b9b4fa63060e6b21dc2cc97677d1622b95c6aad3427f826",
    "https://deno.land/x/mqtt@0.1.2/packets/length.ts": "975d38ae7beb920cbfd682901e9d4eeeb54fa61854d0addd593bf646065d7ce6",
    "https://deno.land/x/mqtt@0.1.2/packets/mod.ts": "f25b831c818914b1770c7826d8057a328dd0f11e354e5cee5c3f2c0fedb1cbf7",
    "https://deno.land/x/mqtt@0.1.2/packets/pingreq.ts": "db5aad46559be466702274ad6bc458c09c2a104d46e5fd25c312a04eb237528f",
    "https://deno.land/x/mqtt@0.1.2/packets/pingres.ts": "e5ab665c6c2e430458b1a938bf12aae3989f8606328254546a0d9df011b541fa",
    "https://deno.land/x/mqtt@0.1.2/packets/puback.ts": "dea32076f3c4b47b97f62f36adff95544599a6f1d6f9b41439dba1bcb784b3ce",
    "https://deno.land/x/mqtt@0.1.2/packets/pubcomp.ts": "1c06dee45ca925b6e36eaf9b39dc5479d09ed50320946a7c56281f997666ac36",
    "https://deno.land/x/mqtt@0.1.2/packets/publish.ts": "edd807d1540a602df631ceffe6ae2966c0859785ca2234a9c73c339814f0d0db",
    "https://deno.land/x/mqtt@0.1.2/packets/pubrec.ts": "f58a32f907ecb90b5170099bd3d649ac518ebf4fb0a75697ec81fb300faff7cb",
    "https://deno.land/x/mqtt@0.1.2/packets/pubrel.ts": "0eb34365c4f055649a426d1856483f3cb6200b3e6098dc1cf5ec0e8562ed526a",
    "https://deno.land/x/mqtt@0.1.2/packets/suback.ts": "cc5f87fa94c63500812bc800bb1d1149c58b591b1c15fd969376083d6b41d660",
    "https://deno.land/x/mqtt@0.1.2/packets/subscribe.ts": "bd54a77ec57ffa6bea4c6f72a0aac4d1ef6676a4b00d59b3c9a435b416f3d1c3",
    "https://deno.land/x/mqtt@0.1.2/packets/unsuback.ts": "0e204da0419e09c0ef0ffa2c3999214982d7587d086de05761b8fe0522443b33",
    "https://deno.land/x/mqtt@0.1.2/packets/unsubscribe.ts": "750128c6526633964faa109b549fa02c1ed5bba0306f151710c86b9935b36d1d",
    "https://deno.land/x/mqtt@0.1.2/packets/utf8.ts": "72213bc8d85ae315e876a53350a87c66f98069c3529260667c365d8b7542a34a"
  }
}
